// !$*UTF8*$!
{
	archiveVersion = 1;
	classes = {
	};
	objectVersion = 46;
	objects = {

/* Begin PBXBuildFile section */
		1E89F7BC1E7CF81D00F9771D /* PackageTool.swift in Sources */ = {isa = PBXBuildFile; fileRef = 1E89F7BB1E7CF81D00F9771D /* PackageTool.swift */; };
		OBJ_104 /* main.swift in Sources */ = {isa = PBXBuildFile; fileRef = OBJ_36 /* main.swift */; };
		OBJ_106 /* CommandLineKit.framework in Frameworks */ = {isa = PBXBuildFile; fileRef = OBJ_43 /* CommandLineKit.framework */; };
		OBJ_107 /* Rainbow.framework in Frameworks */ = {isa = PBXBuildFile; fileRef = OBJ_44 /* Rainbow.framework */; };
		OBJ_108 /* Spectre.framework in Frameworks */ = {isa = PBXBuildFile; fileRef = OBJ_45 /* Spectre.framework */; };
		OBJ_109 /* PathKit.framework in Frameworks */ = {isa = PBXBuildFile; fileRef = OBJ_46 /* PathKit.framework */; };
		OBJ_110 /* OctopusKit.framework in Frameworks */ = {isa = PBXBuildFile; fileRef = OBJ_48 /* OctopusKit.framework */; };
		OBJ_121 /* Octopus.swift in Sources */ = {isa = PBXBuildFile; fileRef = OBJ_38 /* Octopus.swift */; };
		OBJ_123 /* CommandLineKit.framework in Frameworks */ = {isa = PBXBuildFile; fileRef = OBJ_43 /* CommandLineKit.framework */; };
		OBJ_124 /* Rainbow.framework in Frameworks */ = {isa = PBXBuildFile; fileRef = OBJ_44 /* Rainbow.framework */; };
		OBJ_125 /* Spectre.framework in Frameworks */ = {isa = PBXBuildFile; fileRef = OBJ_45 /* Spectre.framework */; };
		OBJ_126 /* PathKit.framework in Frameworks */ = {isa = PBXBuildFile; fileRef = OBJ_46 /* PathKit.framework */; };
		OBJ_136 /* OctopusTests.swift in Sources */ = {isa = PBXBuildFile; fileRef = OBJ_41 /* OctopusTests.swift */; };
		OBJ_138 /* CommandLineKit.framework in Frameworks */ = {isa = PBXBuildFile; fileRef = OBJ_43 /* CommandLineKit.framework */; };
		OBJ_139 /* Rainbow.framework in Frameworks */ = {isa = PBXBuildFile; fileRef = OBJ_44 /* Rainbow.framework */; };
		OBJ_140 /* Spectre.framework in Frameworks */ = {isa = PBXBuildFile; fileRef = OBJ_45 /* Spectre.framework */; };
		OBJ_141 /* PathKit.framework in Frameworks */ = {isa = PBXBuildFile; fileRef = OBJ_46 /* PathKit.framework */; };
		OBJ_142 /* OctopusKit.framework in Frameworks */ = {isa = PBXBuildFile; fileRef = OBJ_48 /* OctopusKit.framework */; };
		OBJ_55 /* CommandLine.swift in Sources */ = {isa = PBXBuildFile; fileRef = OBJ_9 /* CommandLine.swift */; };
		OBJ_56 /* Option.swift in Sources */ = {isa = PBXBuildFile; fileRef = OBJ_10 /* Option.swift */; };
		OBJ_57 /* StringExtensions.swift in Sources */ = {isa = PBXBuildFile; fileRef = OBJ_11 /* StringExtensions.swift */; };
		OBJ_64 /* BackgroundColor.swift in Sources */ = {isa = PBXBuildFile; fileRef = OBJ_13 /* BackgroundColor.swift */; };
		OBJ_65 /* CodesParser.swift in Sources */ = {isa = PBXBuildFile; fileRef = OBJ_14 /* CodesParser.swift */; };
		OBJ_66 /* Color.swift in Sources */ = {isa = PBXBuildFile; fileRef = OBJ_15 /* Color.swift */; };
		OBJ_67 /* ControlCode.swift in Sources */ = {isa = PBXBuildFile; fileRef = OBJ_16 /* ControlCode.swift */; };
		OBJ_68 /* ModesExtractor.swift in Sources */ = {isa = PBXBuildFile; fileRef = OBJ_17 /* ModesExtractor.swift */; };
		OBJ_69 /* OutputTarget.swift in Sources */ = {isa = PBXBuildFile; fileRef = OBJ_18 /* OutputTarget.swift */; };
		OBJ_70 /* Rainbow.swift in Sources */ = {isa = PBXBuildFile; fileRef = OBJ_19 /* Rainbow.swift */; };
		OBJ_71 /* String+Rainbow.swift in Sources */ = {isa = PBXBuildFile; fileRef = OBJ_20 /* String+Rainbow.swift */; };
		OBJ_72 /* StringGenerator.swift in Sources */ = {isa = PBXBuildFile; fileRef = OBJ_21 /* StringGenerator.swift */; };
		OBJ_73 /* Style.swift in Sources */ = {isa = PBXBuildFile; fileRef = OBJ_22 /* Style.swift */; };
		OBJ_74 /* XcodeColorsSupport.swift in Sources */ = {isa = PBXBuildFile; fileRef = OBJ_23 /* XcodeColorsSupport.swift */; };
		OBJ_81 /* Case.swift in Sources */ = {isa = PBXBuildFile; fileRef = OBJ_25 /* Case.swift */; };
		OBJ_82 /* Context.swift in Sources */ = {isa = PBXBuildFile; fileRef = OBJ_26 /* Context.swift */; };
		OBJ_83 /* Expectation.swift in Sources */ = {isa = PBXBuildFile; fileRef = OBJ_27 /* Expectation.swift */; };
		OBJ_84 /* Failure.swift in Sources */ = {isa = PBXBuildFile; fileRef = OBJ_28 /* Failure.swift */; };
		OBJ_85 /* Global.swift in Sources */ = {isa = PBXBuildFile; fileRef = OBJ_29 /* Global.swift */; };
		OBJ_86 /* GlobalContext.swift in Sources */ = {isa = PBXBuildFile; fileRef = OBJ_30 /* GlobalContext.swift */; };
		OBJ_87 /* Reporter.swift in Sources */ = {isa = PBXBuildFile; fileRef = OBJ_31 /* Reporter.swift */; };
		OBJ_88 /* Reporters.swift in Sources */ = {isa = PBXBuildFile; fileRef = OBJ_32 /* Reporters.swift */; };
		OBJ_95 /* PathKit.swift in Sources */ = {isa = PBXBuildFile; fileRef = OBJ_34 /* PathKit.swift */; };
		OBJ_97 /* Spectre.framework in Frameworks */ = {isa = PBXBuildFile; fileRef = OBJ_45 /* Spectre.framework */; };
/* End PBXBuildFile section */

/* Begin PBXContainerItemProxy section */
		1E64E1EB1E7CEC1400BBD117 /* PBXContainerItemProxy */ = {
			isa = PBXContainerItemProxy;
			containerPortal = OBJ_1 /* Project object */;
			proxyType = 1;
			remoteGlobalIDString = OBJ_76;
			remoteInfo = Spectre;
		};
		1E64E1EC1E7CEC1400BBD117 /* PBXContainerItemProxy */ = {
			isa = PBXContainerItemProxy;
			containerPortal = OBJ_1 /* Project object */;
			proxyType = 1;
			remoteGlobalIDString = OBJ_50;
			remoteInfo = CommandLineKit;
		};
		1E64E1ED1E7CEC1400BBD117 /* PBXContainerItemProxy */ = {
			isa = PBXContainerItemProxy;
			containerPortal = OBJ_1 /* Project object */;
			proxyType = 1;
			remoteGlobalIDString = OBJ_59;
			remoteInfo = Rainbow;
		};
		1E64E1EE1E7CEC1400BBD117 /* PBXContainerItemProxy */ = {
			isa = PBXContainerItemProxy;
			containerPortal = OBJ_1 /* Project object */;
			proxyType = 1;
			remoteGlobalIDString = OBJ_76;
			remoteInfo = Spectre;
		};
		1E64E1EF1E7CEC1400BBD117 /* PBXContainerItemProxy */ = {
			isa = PBXContainerItemProxy;
			containerPortal = OBJ_1 /* Project object */;
			proxyType = 1;
			remoteGlobalIDString = OBJ_90;
			remoteInfo = PathKit;
		};
		1E64E1F01E7CEC1400BBD117 /* PBXContainerItemProxy */ = {
			isa = PBXContainerItemProxy;
			containerPortal = OBJ_1 /* Project object */;
			proxyType = 1;
			remoteGlobalIDString = OBJ_116;
			remoteInfo = OctopusKit;
		};
		1E64E1F11E7CEC1400BBD117 /* PBXContainerItemProxy */ = {
			isa = PBXContainerItemProxy;
			containerPortal = OBJ_1 /* Project object */;
			proxyType = 1;
			remoteGlobalIDString = OBJ_50;
			remoteInfo = CommandLineKit;
		};
		1E64E1F21E7CEC1400BBD117 /* PBXContainerItemProxy */ = {
			isa = PBXContainerItemProxy;
			containerPortal = OBJ_1 /* Project object */;
			proxyType = 1;
			remoteGlobalIDString = OBJ_59;
			remoteInfo = Rainbow;
		};
		1E64E1F31E7CEC1400BBD117 /* PBXContainerItemProxy */ = {
			isa = PBXContainerItemProxy;
			containerPortal = OBJ_1 /* Project object */;
			proxyType = 1;
			remoteGlobalIDString = OBJ_76;
			remoteInfo = Spectre;
		};
		1E64E1F41E7CEC1400BBD117 /* PBXContainerItemProxy */ = {
			isa = PBXContainerItemProxy;
			containerPortal = OBJ_1 /* Project object */;
			proxyType = 1;
			remoteGlobalIDString = OBJ_90;
			remoteInfo = PathKit;
		};
		1E64E1F51E7CEC1400BBD117 /* PBXContainerItemProxy */ = {
			isa = PBXContainerItemProxy;
			containerPortal = OBJ_1 /* Project object */;
			proxyType = 1;
			remoteGlobalIDString = OBJ_50;
			remoteInfo = CommandLineKit;
		};
		1E64E1F61E7CEC1400BBD117 /* PBXContainerItemProxy */ = {
			isa = PBXContainerItemProxy;
			containerPortal = OBJ_1 /* Project object */;
			proxyType = 1;
			remoteGlobalIDString = OBJ_59;
			remoteInfo = Rainbow;
		};
		1E64E1F71E7CEC1400BBD117 /* PBXContainerItemProxy */ = {
			isa = PBXContainerItemProxy;
			containerPortal = OBJ_1 /* Project object */;
			proxyType = 1;
			remoteGlobalIDString = OBJ_76;
			remoteInfo = Spectre;
		};
		1E64E1F81E7CEC1400BBD117 /* PBXContainerItemProxy */ = {
			isa = PBXContainerItemProxy;
			containerPortal = OBJ_1 /* Project object */;
			proxyType = 1;
			remoteGlobalIDString = OBJ_90;
			remoteInfo = PathKit;
		};
		1E64E1F91E7CEC1400BBD117 /* PBXContainerItemProxy */ = {
			isa = PBXContainerItemProxy;
			containerPortal = OBJ_1 /* Project object */;
			proxyType = 1;
			remoteGlobalIDString = OBJ_116;
			remoteInfo = OctopusKit;
		};
		1E64E1FA1E7CEC1400BBD117 /* PBXContainerItemProxy */ = {
			isa = PBXContainerItemProxy;
			containerPortal = OBJ_1 /* Project object */;
			proxyType = 1;
			remoteGlobalIDString = OBJ_99;
			remoteInfo = Octopus;
		};
/* End PBXContainerItemProxy section */

/* Begin PBXFileReference section */
		1E89F7BB1E7CF81D00F9771D /* PackageTool.swift */ = {isa = PBXFileReference; fileEncoding = 4; lastKnownFileType = sourcecode.swift; path = PackageTool.swift; sourceTree = "<group>"; };
		OBJ_10 /* Option.swift */ = {isa = PBXFileReference; lastKnownFileType = sourcecode.swift; path = Option.swift; sourceTree = "<group>"; };
		OBJ_11 /* StringExtensions.swift */ = {isa = PBXFileReference; lastKnownFileType = sourcecode.swift; path = StringExtensions.swift; sourceTree = "<group>"; };
		OBJ_13 /* BackgroundColor.swift */ = {isa = PBXFileReference; lastKnownFileType = sourcecode.swift; path = BackgroundColor.swift; sourceTree = "<group>"; };
		OBJ_14 /* CodesParser.swift */ = {isa = PBXFileReference; lastKnownFileType = sourcecode.swift; path = CodesParser.swift; sourceTree = "<group>"; };
		OBJ_15 /* Color.swift */ = {isa = PBXFileReference; lastKnownFileType = sourcecode.swift; path = Color.swift; sourceTree = "<group>"; };
		OBJ_16 /* ControlCode.swift */ = {isa = PBXFileReference; lastKnownFileType = sourcecode.swift; path = ControlCode.swift; sourceTree = "<group>"; };
		OBJ_17 /* ModesExtractor.swift */ = {isa = PBXFileReference; lastKnownFileType = sourcecode.swift; path = ModesExtractor.swift; sourceTree = "<group>"; };
		OBJ_18 /* OutputTarget.swift */ = {isa = PBXFileReference; lastKnownFileType = sourcecode.swift; path = OutputTarget.swift; sourceTree = "<group>"; };
		OBJ_19 /* Rainbow.swift */ = {isa = PBXFileReference; lastKnownFileType = sourcecode.swift; path = Rainbow.swift; sourceTree = "<group>"; };
		OBJ_20 /* String+Rainbow.swift */ = {isa = PBXFileReference; lastKnownFileType = sourcecode.swift; path = "String+Rainbow.swift"; sourceTree = "<group>"; };
		OBJ_21 /* StringGenerator.swift */ = {isa = PBXFileReference; lastKnownFileType = sourcecode.swift; path = StringGenerator.swift; sourceTree = "<group>"; };
		OBJ_22 /* Style.swift */ = {isa = PBXFileReference; lastKnownFileType = sourcecode.swift; path = Style.swift; sourceTree = "<group>"; };
		OBJ_23 /* XcodeColorsSupport.swift */ = {isa = PBXFileReference; lastKnownFileType = sourcecode.swift; path = XcodeColorsSupport.swift; sourceTree = "<group>"; };
		OBJ_25 /* Case.swift */ = {isa = PBXFileReference; lastKnownFileType = sourcecode.swift; path = Case.swift; sourceTree = "<group>"; };
		OBJ_26 /* Context.swift */ = {isa = PBXFileReference; lastKnownFileType = sourcecode.swift; path = Context.swift; sourceTree = "<group>"; };
		OBJ_27 /* Expectation.swift */ = {isa = PBXFileReference; lastKnownFileType = sourcecode.swift; path = Expectation.swift; sourceTree = "<group>"; };
		OBJ_28 /* Failure.swift */ = {isa = PBXFileReference; lastKnownFileType = sourcecode.swift; path = Failure.swift; sourceTree = "<group>"; };
		OBJ_29 /* Global.swift */ = {isa = PBXFileReference; lastKnownFileType = sourcecode.swift; path = Global.swift; sourceTree = "<group>"; };
		OBJ_30 /* GlobalContext.swift */ = {isa = PBXFileReference; lastKnownFileType = sourcecode.swift; path = GlobalContext.swift; sourceTree = "<group>"; };
		OBJ_31 /* Reporter.swift */ = {isa = PBXFileReference; lastKnownFileType = sourcecode.swift; path = Reporter.swift; sourceTree = "<group>"; };
		OBJ_32 /* Reporters.swift */ = {isa = PBXFileReference; lastKnownFileType = sourcecode.swift; path = Reporters.swift; sourceTree = "<group>"; };
		OBJ_34 /* PathKit.swift */ = {isa = PBXFileReference; lastKnownFileType = sourcecode.swift; path = PathKit.swift; sourceTree = "<group>"; };
		OBJ_36 /* main.swift */ = {isa = PBXFileReference; lastKnownFileType = sourcecode.swift; path = main.swift; sourceTree = "<group>"; };
		OBJ_38 /* Octopus.swift */ = {isa = PBXFileReference; lastKnownFileType = sourcecode.swift; path = Octopus.swift; sourceTree = "<group>"; };
		OBJ_41 /* OctopusTests.swift */ = {isa = PBXFileReference; lastKnownFileType = sourcecode.swift; path = OctopusTests.swift; sourceTree = "<group>"; };
		OBJ_43 /* CommandLineKit.framework */ = {isa = PBXFileReference; explicitFileType = wrapper.framework; path = CommandLineKit.framework; sourceTree = BUILT_PRODUCTS_DIR; };
		OBJ_44 /* Rainbow.framework */ = {isa = PBXFileReference; explicitFileType = wrapper.framework; path = Rainbow.framework; sourceTree = BUILT_PRODUCTS_DIR; };
		OBJ_45 /* Spectre.framework */ = {isa = PBXFileReference; explicitFileType = wrapper.framework; path = Spectre.framework; sourceTree = BUILT_PRODUCTS_DIR; };
		OBJ_46 /* PathKit.framework */ = {isa = PBXFileReference; explicitFileType = wrapper.framework; path = PathKit.framework; sourceTree = BUILT_PRODUCTS_DIR; };
		OBJ_47 /* Octopus */ = {isa = PBXFileReference; lastKnownFileType = text; path = Octopus; sourceTree = BUILT_PRODUCTS_DIR; };
		OBJ_48 /* OctopusKit.framework */ = {isa = PBXFileReference; explicitFileType = wrapper.framework; path = OctopusKit.framework; sourceTree = BUILT_PRODUCTS_DIR; };
		OBJ_49 /* OctopusTests.xctest */ = {isa = PBXFileReference; lastKnownFileType = file; path = OctopusTests.xctest; sourceTree = BUILT_PRODUCTS_DIR; };
		OBJ_6 /* Package.swift */ = {isa = PBXFileReference; explicitFileType = sourcecode.swift; path = Package.swift; sourceTree = "<group>"; };
		OBJ_9 /* CommandLine.swift */ = {isa = PBXFileReference; lastKnownFileType = sourcecode.swift; path = CommandLine.swift; sourceTree = "<group>"; };
/* End PBXFileReference section */

/* Begin PBXFrameworksBuildPhase section */
		OBJ_105 /* Frameworks */ = {
			isa = PBXFrameworksBuildPhase;
			buildActionMask = 0;
			files = (
				OBJ_106 /* CommandLineKit.framework in Frameworks */,
				OBJ_107 /* Rainbow.framework in Frameworks */,
				OBJ_108 /* Spectre.framework in Frameworks */,
				OBJ_109 /* PathKit.framework in Frameworks */,
				OBJ_110 /* OctopusKit.framework in Frameworks */,
			);
			runOnlyForDeploymentPostprocessing = 0;
		};
		OBJ_122 /* Frameworks */ = {
			isa = PBXFrameworksBuildPhase;
			buildActionMask = 0;
			files = (
				OBJ_123 /* CommandLineKit.framework in Frameworks */,
				OBJ_124 /* Rainbow.framework in Frameworks */,
				OBJ_125 /* Spectre.framework in Frameworks */,
				OBJ_126 /* PathKit.framework in Frameworks */,
			);
			runOnlyForDeploymentPostprocessing = 0;
		};
		OBJ_137 /* Frameworks */ = {
			isa = PBXFrameworksBuildPhase;
			buildActionMask = 0;
			files = (
				OBJ_138 /* CommandLineKit.framework in Frameworks */,
				OBJ_139 /* Rainbow.framework in Frameworks */,
				OBJ_140 /* Spectre.framework in Frameworks */,
				OBJ_141 /* PathKit.framework in Frameworks */,
				OBJ_142 /* OctopusKit.framework in Frameworks */,
			);
			runOnlyForDeploymentPostprocessing = 0;
		};
		OBJ_58 /* Frameworks */ = {
			isa = PBXFrameworksBuildPhase;
			buildActionMask = 0;
			files = (
			);
			runOnlyForDeploymentPostprocessing = 0;
		};
		OBJ_75 /* Frameworks */ = {
			isa = PBXFrameworksBuildPhase;
			buildActionMask = 0;
			files = (
			);
			runOnlyForDeploymentPostprocessing = 0;
		};
		OBJ_89 /* Frameworks */ = {
			isa = PBXFrameworksBuildPhase;
			buildActionMask = 0;
			files = (
			);
			runOnlyForDeploymentPostprocessing = 0;
		};
		OBJ_96 /* Frameworks */ = {
			isa = PBXFrameworksBuildPhase;
			buildActionMask = 0;
			files = (
				OBJ_97 /* Spectre.framework in Frameworks */,
			);
			runOnlyForDeploymentPostprocessing = 0;
		};
/* End PBXFrameworksBuildPhase section */

/* Begin PBXGroup section */
		OBJ_12 /* Rainbow */ = {
			isa = PBXGroup;
			children = (
				OBJ_13 /* BackgroundColor.swift */,
				OBJ_14 /* CodesParser.swift */,
				OBJ_15 /* Color.swift */,
				OBJ_16 /* ControlCode.swift */,
				OBJ_17 /* ModesExtractor.swift */,
				OBJ_18 /* OutputTarget.swift */,
				OBJ_19 /* Rainbow.swift */,
				OBJ_20 /* String+Rainbow.swift */,
				OBJ_21 /* StringGenerator.swift */,
				OBJ_22 /* Style.swift */,
				OBJ_23 /* XcodeColorsSupport.swift */,
			);
			name = Rainbow;
			path = "Packages/Rainbow-2.0.1/Sources";
			sourceTree = SOURCE_ROOT;
		};
		OBJ_24 /* Spectre */ = {
			isa = PBXGroup;
			children = (
				OBJ_25 /* Case.swift */,
				OBJ_26 /* Context.swift */,
				OBJ_27 /* Expectation.swift */,
				OBJ_28 /* Failure.swift */,
				OBJ_29 /* Global.swift */,
				OBJ_30 /* GlobalContext.swift */,
				OBJ_31 /* Reporter.swift */,
				OBJ_32 /* Reporters.swift */,
			);
			name = Spectre;
			path = "Packages/Spectre-0.7.2/Sources";
			sourceTree = SOURCE_ROOT;
		};
		OBJ_33 /* PathKit */ = {
			isa = PBXGroup;
			children = (
				OBJ_34 /* PathKit.swift */,
			);
			name = PathKit;
			path = "Packages/PathKit-0.8.0/Sources";
			sourceTree = SOURCE_ROOT;
		};
		OBJ_35 /* Octopus */ = {
			isa = PBXGroup;
			children = (
				OBJ_36 /* main.swift */,
			);
			name = Octopus;
			path = Sources/Octopus;
			sourceTree = SOURCE_ROOT;
		};
		OBJ_37 /* OctopusKit */ = {
			isa = PBXGroup;
			children = (
				OBJ_38 /* Octopus.swift */,
				1E89F7BB1E7CF81D00F9771D /* PackageTool.swift */,
			);
			name = OctopusKit;
			path = Sources/OctopusKit;
			sourceTree = SOURCE_ROOT;
		};
		OBJ_39 /* Tests */ = {
			isa = PBXGroup;
			children = (
				OBJ_40 /* OctopusTests */,
			);
			path = Tests;
			sourceTree = "<group>";
		};
		OBJ_40 /* OctopusTests */ = {
			isa = PBXGroup;
			children = (
				OBJ_41 /* OctopusTests.swift */,
			);
			name = OctopusTests;
			path = Tests/OctopusTests;
			sourceTree = SOURCE_ROOT;
		};
		OBJ_42 /* Products */ = {
			isa = PBXGroup;
			children = (
				OBJ_43 /* CommandLineKit.framework */,
				OBJ_44 /* Rainbow.framework */,
				OBJ_45 /* Spectre.framework */,
				OBJ_46 /* PathKit.framework */,
				OBJ_47 /* Octopus */,
				OBJ_48 /* OctopusKit.framework */,
				OBJ_49 /* OctopusTests.xctest */,
			);
			name = Products;
			sourceTree = BUILT_PRODUCTS_DIR;
		};
		OBJ_5 = {
			isa = PBXGroup;
			children = (
				OBJ_6 /* Package.swift */,
				OBJ_7 /* Sources */,
				OBJ_39 /* Tests */,
				OBJ_42 /* Products */,
			);
			sourceTree = "<group>";
		};
		OBJ_7 /* Sources */ = {
			isa = PBXGroup;
			children = (
				OBJ_8 /* CommandLineKit */,
				OBJ_12 /* Rainbow */,
				OBJ_24 /* Spectre */,
				OBJ_33 /* PathKit */,
				OBJ_35 /* Octopus */,
				OBJ_37 /* OctopusKit */,
			);
			path = Sources;
			sourceTree = "<group>";
		};
		OBJ_8 /* CommandLineKit */ = {
			isa = PBXGroup;
			children = (
				OBJ_9 /* CommandLine.swift */,
				OBJ_10 /* Option.swift */,
				OBJ_11 /* StringExtensions.swift */,
			);
			name = CommandLineKit;
			path = "Packages/CommandLine-3.0.0-pre1/CommandLineKit";
			sourceTree = SOURCE_ROOT;
		};
/* End PBXGroup section */

/* Begin PBXNativeTarget section */
		OBJ_116 /* OctopusKit */ = {
			isa = PBXNativeTarget;
			buildConfigurationList = OBJ_117 /* Build configuration list for PBXNativeTarget "OctopusKit" */;
			buildPhases = (
				OBJ_120 /* Sources */,
				OBJ_122 /* Frameworks */,
			);
			buildRules = (
			);
			dependencies = (
				OBJ_127 /* PBXTargetDependency */,
				OBJ_128 /* PBXTargetDependency */,
				OBJ_129 /* PBXTargetDependency */,
				OBJ_130 /* PBXTargetDependency */,
			);
			name = OctopusKit;
			productName = OctopusKit;
			productReference = OBJ_48 /* OctopusKit.framework */;
			productType = "com.apple.product-type.framework";
		};
		OBJ_131 /* OctopusTests */ = {
			isa = PBXNativeTarget;
			buildConfigurationList = OBJ_132 /* Build configuration list for PBXNativeTarget "OctopusTests" */;
			buildPhases = (
				OBJ_135 /* Sources */,
				OBJ_137 /* Frameworks */,
			);
			buildRules = (
			);
			dependencies = (
				OBJ_143 /* PBXTargetDependency */,
				OBJ_144 /* PBXTargetDependency */,
				OBJ_145 /* PBXTargetDependency */,
				OBJ_146 /* PBXTargetDependency */,
				OBJ_147 /* PBXTargetDependency */,
				OBJ_148 /* PBXTargetDependency */,
			);
			name = OctopusTests;
			productName = OctopusTests;
			productReference = OBJ_49 /* OctopusTests.xctest */;
			productType = "com.apple.product-type.bundle.unit-test";
		};
		OBJ_50 /* CommandLineKit */ = {
			isa = PBXNativeTarget;
			buildConfigurationList = OBJ_51 /* Build configuration list for PBXNativeTarget "CommandLineKit" */;
			buildPhases = (
				OBJ_54 /* Sources */,
				OBJ_58 /* Frameworks */,
			);
			buildRules = (
			);
			dependencies = (
			);
			name = CommandLineKit;
			productName = CommandLineKit;
			productReference = OBJ_43 /* CommandLineKit.framework */;
			productType = "com.apple.product-type.framework";
		};
		OBJ_59 /* Rainbow */ = {
			isa = PBXNativeTarget;
			buildConfigurationList = OBJ_60 /* Build configuration list for PBXNativeTarget "Rainbow" */;
			buildPhases = (
				OBJ_63 /* Sources */,
				OBJ_75 /* Frameworks */,
			);
			buildRules = (
			);
			dependencies = (
			);
			name = Rainbow;
			productName = Rainbow;
			productReference = OBJ_44 /* Rainbow.framework */;
			productType = "com.apple.product-type.framework";
		};
		OBJ_76 /* Spectre */ = {
			isa = PBXNativeTarget;
			buildConfigurationList = OBJ_77 /* Build configuration list for PBXNativeTarget "Spectre" */;
			buildPhases = (
				OBJ_80 /* Sources */,
				OBJ_89 /* Frameworks */,
			);
			buildRules = (
			);
			dependencies = (
			);
			name = Spectre;
			productName = Spectre;
			productReference = OBJ_45 /* Spectre.framework */;
			productType = "com.apple.product-type.framework";
		};
		OBJ_90 /* PathKit */ = {
			isa = PBXNativeTarget;
			buildConfigurationList = OBJ_91 /* Build configuration list for PBXNativeTarget "PathKit" */;
			buildPhases = (
				OBJ_94 /* Sources */,
				OBJ_96 /* Frameworks */,
			);
			buildRules = (
			);
			dependencies = (
				OBJ_98 /* PBXTargetDependency */,
			);
			name = PathKit;
			productName = PathKit;
			productReference = OBJ_46 /* PathKit.framework */;
			productType = "com.apple.product-type.framework";
		};
		OBJ_99 /* Octopus */ = {
			isa = PBXNativeTarget;
			buildConfigurationList = OBJ_100 /* Build configuration list for PBXNativeTarget "Octopus" */;
			buildPhases = (
				OBJ_103 /* Sources */,
				OBJ_105 /* Frameworks */,
			);
			buildRules = (
			);
			dependencies = (
				OBJ_111 /* PBXTargetDependency */,
				OBJ_112 /* PBXTargetDependency */,
				OBJ_113 /* PBXTargetDependency */,
				OBJ_114 /* PBXTargetDependency */,
				OBJ_115 /* PBXTargetDependency */,
			);
			name = Octopus;
			productName = Octopus;
			productReference = OBJ_47 /* Octopus */;
			productType = "com.apple.product-type.tool";
		};
/* End PBXNativeTarget section */

/* Begin PBXProject section */
		OBJ_1 /* Project object */ = {
			isa = PBXProject;
			attributes = {
				LastUpgradeCheck = 9999;
			};
			buildConfigurationList = OBJ_2 /* Build configuration list for PBXProject "Octopus" */;
			compatibilityVersion = "Xcode 3.2";
			developmentRegion = English;
			hasScannedForEncodings = 0;
			knownRegions = (
				en,
			);
			mainGroup = OBJ_5;
			productRefGroup = OBJ_42 /* Products */;
			projectDirPath = "";
			projectRoot = "";
			targets = (
				OBJ_99 /* Octopus */,
				OBJ_50 /* CommandLineKit */,
				OBJ_59 /* Rainbow */,
				OBJ_76 /* Spectre */,
				OBJ_90 /* PathKit */,
				OBJ_116 /* OctopusKit */,
				OBJ_131 /* OctopusTests */,
			);
		};
/* End PBXProject section */

/* Begin PBXSourcesBuildPhase section */
		OBJ_103 /* Sources */ = {
			isa = PBXSourcesBuildPhase;
			buildActionMask = 0;
			files = (
				OBJ_104 /* main.swift in Sources */,
			);
			runOnlyForDeploymentPostprocessing = 0;
		};
		OBJ_120 /* Sources */ = {
			isa = PBXSourcesBuildPhase;
			buildActionMask = 0;
			files = (
				1E89F7BC1E7CF81D00F9771D /* PackageTool.swift in Sources */,
				OBJ_121 /* Octopus.swift in Sources */,
			);
			runOnlyForDeploymentPostprocessing = 0;
		};
		OBJ_135 /* Sources */ = {
			isa = PBXSourcesBuildPhase;
			buildActionMask = 0;
			files = (
				OBJ_136 /* OctopusTests.swift in Sources */,
			);
			runOnlyForDeploymentPostprocessing = 0;
		};
		OBJ_54 /* Sources */ = {
			isa = PBXSourcesBuildPhase;
			buildActionMask = 0;
			files = (
				OBJ_55 /* CommandLine.swift in Sources */,
				OBJ_56 /* Option.swift in Sources */,
				OBJ_57 /* StringExtensions.swift in Sources */,
			);
			runOnlyForDeploymentPostprocessing = 0;
		};
		OBJ_63 /* Sources */ = {
			isa = PBXSourcesBuildPhase;
			buildActionMask = 0;
			files = (
				OBJ_64 /* BackgroundColor.swift in Sources */,
				OBJ_65 /* CodesParser.swift in Sources */,
				OBJ_66 /* Color.swift in Sources */,
				OBJ_67 /* ControlCode.swift in Sources */,
				OBJ_68 /* ModesExtractor.swift in Sources */,
				OBJ_69 /* OutputTarget.swift in Sources */,
				OBJ_70 /* Rainbow.swift in Sources */,
				OBJ_71 /* String+Rainbow.swift in Sources */,
				OBJ_72 /* StringGenerator.swift in Sources */,
				OBJ_73 /* Style.swift in Sources */,
				OBJ_74 /* XcodeColorsSupport.swift in Sources */,
			);
			runOnlyForDeploymentPostprocessing = 0;
		};
		OBJ_80 /* Sources */ = {
			isa = PBXSourcesBuildPhase;
			buildActionMask = 0;
			files = (
				OBJ_81 /* Case.swift in Sources */,
				OBJ_82 /* Context.swift in Sources */,
				OBJ_83 /* Expectation.swift in Sources */,
				OBJ_84 /* Failure.swift in Sources */,
				OBJ_85 /* Global.swift in Sources */,
				OBJ_86 /* GlobalContext.swift in Sources */,
				OBJ_87 /* Reporter.swift in Sources */,
				OBJ_88 /* Reporters.swift in Sources */,
			);
			runOnlyForDeploymentPostprocessing = 0;
		};
		OBJ_94 /* Sources */ = {
			isa = PBXSourcesBuildPhase;
			buildActionMask = 0;
			files = (
				OBJ_95 /* PathKit.swift in Sources */,
			);
			runOnlyForDeploymentPostprocessing = 0;
		};
/* End PBXSourcesBuildPhase section */

/* Begin PBXTargetDependency section */
		OBJ_111 /* PBXTargetDependency */ = {
			isa = PBXTargetDependency;
			target = OBJ_50 /* CommandLineKit */;
			targetProxy = 1E64E1EC1E7CEC1400BBD117 /* PBXContainerItemProxy */;
		};
		OBJ_112 /* PBXTargetDependency */ = {
			isa = PBXTargetDependency;
			target = OBJ_59 /* Rainbow */;
			targetProxy = 1E64E1ED1E7CEC1400BBD117 /* PBXContainerItemProxy */;
		};
		OBJ_113 /* PBXTargetDependency */ = {
			isa = PBXTargetDependency;
			target = OBJ_76 /* Spectre */;
			targetProxy = 1E64E1EE1E7CEC1400BBD117 /* PBXContainerItemProxy */;
		};
		OBJ_114 /* PBXTargetDependency */ = {
			isa = PBXTargetDependency;
			target = OBJ_90 /* PathKit */;
			targetProxy = 1E64E1EF1E7CEC1400BBD117 /* PBXContainerItemProxy */;
		};
		OBJ_115 /* PBXTargetDependency */ = {
			isa = PBXTargetDependency;
			target = OBJ_116 /* OctopusKit */;
			targetProxy = 1E64E1F01E7CEC1400BBD117 /* PBXContainerItemProxy */;
		};
		OBJ_127 /* PBXTargetDependency */ = {
			isa = PBXTargetDependency;
			target = OBJ_50 /* CommandLineKit */;
			targetProxy = 1E64E1F11E7CEC1400BBD117 /* PBXContainerItemProxy */;
		};
		OBJ_128 /* PBXTargetDependency */ = {
			isa = PBXTargetDependency;
			target = OBJ_59 /* Rainbow */;
			targetProxy = 1E64E1F21E7CEC1400BBD117 /* PBXContainerItemProxy */;
		};
		OBJ_129 /* PBXTargetDependency */ = {
			isa = PBXTargetDependency;
			target = OBJ_76 /* Spectre */;
			targetProxy = 1E64E1F31E7CEC1400BBD117 /* PBXContainerItemProxy */;
		};
		OBJ_130 /* PBXTargetDependency */ = {
			isa = PBXTargetDependency;
			target = OBJ_90 /* PathKit */;
			targetProxy = 1E64E1F41E7CEC1400BBD117 /* PBXContainerItemProxy */;
		};
		OBJ_143 /* PBXTargetDependency */ = {
			isa = PBXTargetDependency;
			target = OBJ_50 /* CommandLineKit */;
			targetProxy = 1E64E1F51E7CEC1400BBD117 /* PBXContainerItemProxy */;
		};
		OBJ_144 /* PBXTargetDependency */ = {
			isa = PBXTargetDependency;
			target = OBJ_59 /* Rainbow */;
			targetProxy = 1E64E1F61E7CEC1400BBD117 /* PBXContainerItemProxy */;
		};
		OBJ_145 /* PBXTargetDependency */ = {
			isa = PBXTargetDependency;
			target = OBJ_76 /* Spectre */;
			targetProxy = 1E64E1F71E7CEC1400BBD117 /* PBXContainerItemProxy */;
		};
		OBJ_146 /* PBXTargetDependency */ = {
			isa = PBXTargetDependency;
			target = OBJ_90 /* PathKit */;
			targetProxy = 1E64E1F81E7CEC1400BBD117 /* PBXContainerItemProxy */;
		};
		OBJ_147 /* PBXTargetDependency */ = {
			isa = PBXTargetDependency;
			target = OBJ_116 /* OctopusKit */;
			targetProxy = 1E64E1F91E7CEC1400BBD117 /* PBXContainerItemProxy */;
		};
		OBJ_148 /* PBXTargetDependency */ = {
			isa = PBXTargetDependency;
			target = OBJ_99 /* Octopus */;
			targetProxy = 1E64E1FA1E7CEC1400BBD117 /* PBXContainerItemProxy */;
		};
		OBJ_98 /* PBXTargetDependency */ = {
			isa = PBXTargetDependency;
			target = OBJ_76 /* Spectre */;
			targetProxy = 1E64E1EB1E7CEC1400BBD117 /* PBXContainerItemProxy */;
		};
/* End PBXTargetDependency section */

/* Begin XCBuildConfiguration section */
		OBJ_101 /* Debug */ = {
			isa = XCBuildConfiguration;
			buildSettings = {
				FRAMEWORK_SEARCH_PATHS = (
					"$(inherited)",
					"$(PLATFORM_DIR)/Developer/Library/Frameworks",
				);
				HEADER_SEARCH_PATHS = "$(inherited)";
				INFOPLIST_FILE = Octopus.xcodeproj/Octopus_Info.plist;
				LD_RUNPATH_SEARCH_PATHS = "$(TOOLCHAIN_DIR)/usr/lib/swift/macosx @executable_path";
				OTHER_LDFLAGS = "$(inherited)";
				OTHER_SWIFT_FLAGS = "$(inherited)";
				SWIFT_FORCE_DYNAMIC_LINK_STDLIB = YES;
				SWIFT_FORCE_STATIC_LINK_STDLIB = NO;
				TARGET_NAME = Octopus;
			};
			name = Debug;
		};
		OBJ_102 /* Release */ = {
			isa = XCBuildConfiguration;
			buildSettings = {
				FRAMEWORK_SEARCH_PATHS = (
					"$(inherited)",
					"$(PLATFORM_DIR)/Developer/Library/Frameworks",
				);
				HEADER_SEARCH_PATHS = "$(inherited)";
				INFOPLIST_FILE = Octopus.xcodeproj/Octopus_Info.plist;
				LD_RUNPATH_SEARCH_PATHS = "$(TOOLCHAIN_DIR)/usr/lib/swift/macosx @executable_path";
				OTHER_LDFLAGS = "$(inherited)";
				OTHER_SWIFT_FLAGS = "$(inherited)";
				SWIFT_FORCE_DYNAMIC_LINK_STDLIB = YES;
				SWIFT_FORCE_STATIC_LINK_STDLIB = NO;
				TARGET_NAME = Octopus;
			};
			name = Release;
		};
		OBJ_118 /* Debug */ = {
			isa = XCBuildConfiguration;
			buildSettings = {
				ENABLE_TESTABILITY = YES;
				FRAMEWORK_SEARCH_PATHS = (
					"$(inherited)",
					"$(PLATFORM_DIR)/Developer/Library/Frameworks",
				);
				HEADER_SEARCH_PATHS = "$(inherited)";
				INFOPLIST_FILE = Octopus.xcodeproj/OctopusKit_Info.plist;
				LD_RUNPATH_SEARCH_PATHS = "$(TOOLCHAIN_DIR)/usr/lib/swift/macosx";
				OTHER_LDFLAGS = "$(inherited)";
				OTHER_SWIFT_FLAGS = "$(inherited)";
				PRODUCT_BUNDLE_IDENTIFIER = OctopusKit;
				PRODUCT_MODULE_NAME = "$(TARGET_NAME:c99extidentifier)";
				PRODUCT_NAME = "$(TARGET_NAME:c99extidentifier)";
				TARGET_NAME = OctopusKit;
			};
			name = Debug;
		};
		OBJ_119 /* Release */ = {
			isa = XCBuildConfiguration;
			buildSettings = {
				ENABLE_TESTABILITY = YES;
				FRAMEWORK_SEARCH_PATHS = (
					"$(inherited)",
					"$(PLATFORM_DIR)/Developer/Library/Frameworks",
				);
				HEADER_SEARCH_PATHS = "$(inherited)";
				INFOPLIST_FILE = Octopus.xcodeproj/OctopusKit_Info.plist;
				LD_RUNPATH_SEARCH_PATHS = "$(TOOLCHAIN_DIR)/usr/lib/swift/macosx";
				OTHER_LDFLAGS = "$(inherited)";
				OTHER_SWIFT_FLAGS = "$(inherited)";
				PRODUCT_BUNDLE_IDENTIFIER = OctopusKit;
				PRODUCT_MODULE_NAME = "$(TARGET_NAME:c99extidentifier)";
				PRODUCT_NAME = "$(TARGET_NAME:c99extidentifier)";
				TARGET_NAME = OctopusKit;
			};
			name = Release;
		};
		OBJ_133 /* Debug */ = {
			isa = XCBuildConfiguration;
			buildSettings = {
				EMBEDDED_CONTENT_CONTAINS_SWIFT = YES;
				FRAMEWORK_SEARCH_PATHS = (
					"$(inherited)",
					"$(PLATFORM_DIR)/Developer/Library/Frameworks",
				);
				HEADER_SEARCH_PATHS = "$(inherited)";
				INFOPLIST_FILE = Octopus.xcodeproj/OctopusTests_Info.plist;
				LD_RUNPATH_SEARCH_PATHS = "@loader_path/../Frameworks";
				OTHER_LDFLAGS = "$(inherited)";
				OTHER_SWIFT_FLAGS = "$(inherited)";
				TARGET_NAME = OctopusTests;
			};
			name = Debug;
		};
		OBJ_134 /* Release */ = {
			isa = XCBuildConfiguration;
			buildSettings = {
				EMBEDDED_CONTENT_CONTAINS_SWIFT = YES;
				FRAMEWORK_SEARCH_PATHS = (
					"$(inherited)",
					"$(PLATFORM_DIR)/Developer/Library/Frameworks",
				);
				HEADER_SEARCH_PATHS = "$(inherited)";
				INFOPLIST_FILE = Octopus.xcodeproj/OctopusTests_Info.plist;
				LD_RUNPATH_SEARCH_PATHS = "@loader_path/../Frameworks";
				OTHER_LDFLAGS = "$(inherited)";
				OTHER_SWIFT_FLAGS = "$(inherited)";
				TARGET_NAME = OctopusTests;
			};
			name = Release;
		};
		OBJ_3 /* Debug */ = {
			isa = XCBuildConfiguration;
			buildSettings = {
				COMBINE_HIDPI_IMAGES = YES;
				COPY_PHASE_STRIP = NO;
				DEBUG_INFORMATION_FORMAT = dwarf;
				DYLIB_INSTALL_NAME_BASE = "@rpath";
				ENABLE_NS_ASSERTIONS = YES;
				GCC_OPTIMIZATION_LEVEL = 0;
				MACOSX_DEPLOYMENT_TARGET = 10.10;
				ONLY_ACTIVE_ARCH = YES;
				OTHER_SWIFT_FLAGS = "-DXcode";
				PRODUCT_NAME = "$(TARGET_NAME)";
				SDKROOT = macosx;
				SUPPORTED_PLATFORMS = "macosx iphoneos iphonesimulator appletvos appletvsimulator watchos watchsimulator";
				SWIFT_ACTIVE_COMPILATION_CONDITIONS = SWIFT_PACKAGE;
				SWIFT_OPTIMIZATION_LEVEL = "-Onone";
				SWIFT_VERSION = 3.0;
				USE_HEADERMAP = NO;
			};
			name = Debug;
		};
		OBJ_4 /* Release */ = {
			isa = XCBuildConfiguration;
			buildSettings = {
				COMBINE_HIDPI_IMAGES = YES;
				COPY_PHASE_STRIP = YES;
				DEBUG_INFORMATION_FORMAT = "dwarf-with-dsym";
				DYLIB_INSTALL_NAME_BASE = "@rpath";
				GCC_OPTIMIZATION_LEVEL = s;
				MACOSX_DEPLOYMENT_TARGET = 10.10;
				OTHER_SWIFT_FLAGS = "-DXcode";
				PRODUCT_NAME = "$(TARGET_NAME)";
				SDKROOT = macosx;
				SUPPORTED_PLATFORMS = "macosx iphoneos iphonesimulator appletvos appletvsimulator watchos watchsimulator";
				SWIFT_ACTIVE_COMPILATION_CONDITIONS = SWIFT_PACKAGE;
				SWIFT_OPTIMIZATION_LEVEL = "-O";
				SWIFT_VERSION = 3.0;
				USE_HEADERMAP = NO;
			};
			name = Release;
		};
		OBJ_52 /* Debug */ = {
			isa = XCBuildConfiguration;
			buildSettings = {
				ENABLE_TESTABILITY = YES;
				FRAMEWORK_SEARCH_PATHS = (
					"$(inherited)",
					"$(PLATFORM_DIR)/Developer/Library/Frameworks",
				);
				HEADER_SEARCH_PATHS = "$(inherited)";
				INFOPLIST_FILE = Octopus.xcodeproj/CommandLineKit_Info.plist;
				LD_RUNPATH_SEARCH_PATHS = "$(TOOLCHAIN_DIR)/usr/lib/swift/macosx";
				OTHER_LDFLAGS = "$(inherited)";
				OTHER_SWIFT_FLAGS = "$(inherited)";
				PRODUCT_BUNDLE_IDENTIFIER = CommandLineKit;
				PRODUCT_MODULE_NAME = "$(TARGET_NAME:c99extidentifier)";
				PRODUCT_NAME = "$(TARGET_NAME:c99extidentifier)";
				TARGET_NAME = CommandLineKit;
			};
			name = Debug;
		};
		OBJ_53 /* Release */ = {
			isa = XCBuildConfiguration;
			buildSettings = {
				ENABLE_TESTABILITY = YES;
				FRAMEWORK_SEARCH_PATHS = (
					"$(inherited)",
					"$(PLATFORM_DIR)/Developer/Library/Frameworks",
				);
				HEADER_SEARCH_PATHS = "$(inherited)";
				INFOPLIST_FILE = Octopus.xcodeproj/CommandLineKit_Info.plist;
				LD_RUNPATH_SEARCH_PATHS = "$(TOOLCHAIN_DIR)/usr/lib/swift/macosx";
				OTHER_LDFLAGS = "$(inherited)";
				OTHER_SWIFT_FLAGS = "$(inherited)";
				PRODUCT_BUNDLE_IDENTIFIER = CommandLineKit;
				PRODUCT_MODULE_NAME = "$(TARGET_NAME:c99extidentifier)";
				PRODUCT_NAME = "$(TARGET_NAME:c99extidentifier)";
				TARGET_NAME = CommandLineKit;
			};
			name = Release;
		};
		OBJ_61 /* Debug */ = {
			isa = XCBuildConfiguration;
			buildSettings = {
				ENABLE_TESTABILITY = YES;
				FRAMEWORK_SEARCH_PATHS = (
					"$(inherited)",
					"$(PLATFORM_DIR)/Developer/Library/Frameworks",
				);
				HEADER_SEARCH_PATHS = "$(inherited)";
				INFOPLIST_FILE = Octopus.xcodeproj/Rainbow_Info.plist;
				LD_RUNPATH_SEARCH_PATHS = "$(TOOLCHAIN_DIR)/usr/lib/swift/macosx";
				OTHER_LDFLAGS = "$(inherited)";
				OTHER_SWIFT_FLAGS = "$(inherited)";
				PRODUCT_BUNDLE_IDENTIFIER = Rainbow;
				PRODUCT_MODULE_NAME = "$(TARGET_NAME:c99extidentifier)";
				PRODUCT_NAME = "$(TARGET_NAME:c99extidentifier)";
				TARGET_NAME = Rainbow;
			};
			name = Debug;
		};
		OBJ_62 /* Release */ = {
			isa = XCBuildConfiguration;
			buildSettings = {
				ENABLE_TESTABILITY = YES;
				FRAMEWORK_SEARCH_PATHS = (
					"$(inherited)",
					"$(PLATFORM_DIR)/Developer/Library/Frameworks",
				);
				HEADER_SEARCH_PATHS = "$(inherited)";
				INFOPLIST_FILE = Octopus.xcodeproj/Rainbow_Info.plist;
				LD_RUNPATH_SEARCH_PATHS = "$(TOOLCHAIN_DIR)/usr/lib/swift/macosx";
				OTHER_LDFLAGS = "$(inherited)";
				OTHER_SWIFT_FLAGS = "$(inherited)";
				PRODUCT_BUNDLE_IDENTIFIER = Rainbow;
				PRODUCT_MODULE_NAME = "$(TARGET_NAME:c99extidentifier)";
				PRODUCT_NAME = "$(TARGET_NAME:c99extidentifier)";
				TARGET_NAME = Rainbow;
			};
			name = Release;
		};
		OBJ_78 /* Debug */ = {
			isa = XCBuildConfiguration;
			buildSettings = {
				ENABLE_TESTABILITY = YES;
				FRAMEWORK_SEARCH_PATHS = (
					"$(inherited)",
					"$(PLATFORM_DIR)/Developer/Library/Frameworks",
				);
				HEADER_SEARCH_PATHS = "$(inherited)";
				INFOPLIST_FILE = Octopus.xcodeproj/Spectre_Info.plist;
				LD_RUNPATH_SEARCH_PATHS = "$(TOOLCHAIN_DIR)/usr/lib/swift/macosx";
				OTHER_LDFLAGS = "$(inherited)";
				OTHER_SWIFT_FLAGS = "$(inherited)";
				PRODUCT_BUNDLE_IDENTIFIER = Spectre;
				PRODUCT_MODULE_NAME = "$(TARGET_NAME:c99extidentifier)";
				PRODUCT_NAME = "$(TARGET_NAME:c99extidentifier)";
				TARGET_NAME = Spectre;
			};
			name = Debug;
		};
		OBJ_79 /* Release */ = {
			isa = XCBuildConfiguration;
			buildSettings = {
				ENABLE_TESTABILITY = YES;
				FRAMEWORK_SEARCH_PATHS = (
					"$(inherited)",
					"$(PLATFORM_DIR)/Developer/Library/Frameworks",
				);
				HEADER_SEARCH_PATHS = "$(inherited)";
				INFOPLIST_FILE = Octopus.xcodeproj/Spectre_Info.plist;
				LD_RUNPATH_SEARCH_PATHS = "$(TOOLCHAIN_DIR)/usr/lib/swift/macosx";
				OTHER_LDFLAGS = "$(inherited)";
				OTHER_SWIFT_FLAGS = "$(inherited)";
				PRODUCT_BUNDLE_IDENTIFIER = Spectre;
				PRODUCT_MODULE_NAME = "$(TARGET_NAME:c99extidentifier)";
				PRODUCT_NAME = "$(TARGET_NAME:c99extidentifier)";
				TARGET_NAME = Spectre;
			};
			name = Release;
		};
		OBJ_92 /* Debug */ = {
			isa = XCBuildConfiguration;
			buildSettings = {
				ENABLE_TESTABILITY = YES;
				FRAMEWORK_SEARCH_PATHS = (
					"$(inherited)",
					"$(PLATFORM_DIR)/Developer/Library/Frameworks",
				);
				HEADER_SEARCH_PATHS = "$(inherited)";
				INFOPLIST_FILE = Octopus.xcodeproj/PathKit_Info.plist;
				LD_RUNPATH_SEARCH_PATHS = "$(TOOLCHAIN_DIR)/usr/lib/swift/macosx";
				OTHER_LDFLAGS = "$(inherited)";
				OTHER_SWIFT_FLAGS = "$(inherited)";
				PRODUCT_BUNDLE_IDENTIFIER = PathKit;
				PRODUCT_MODULE_NAME = "$(TARGET_NAME:c99extidentifier)";
				PRODUCT_NAME = "$(TARGET_NAME:c99extidentifier)";
				TARGET_NAME = PathKit;
			};
			name = Debug;
		};
		OBJ_93 /* Release */ = {
			isa = XCBuildConfiguration;
			buildSettings = {
				ENABLE_TESTABILITY = YES;
				FRAMEWORK_SEARCH_PATHS = (
					"$(inherited)",
					"$(PLATFORM_DIR)/Developer/Library/Frameworks",
				);
				HEADER_SEARCH_PATHS = "$(inherited)";
				INFOPLIST_FILE = Octopus.xcodeproj/PathKit_Info.plist;
				LD_RUNPATH_SEARCH_PATHS = "$(TOOLCHAIN_DIR)/usr/lib/swift/macosx";
				OTHER_LDFLAGS = "$(inherited)";
				OTHER_SWIFT_FLAGS = "$(inherited)";
				PRODUCT_BUNDLE_IDENTIFIER = PathKit;
				PRODUCT_MODULE_NAME = "$(TARGET_NAME:c99extidentifier)";
				PRODUCT_NAME = "$(TARGET_NAME:c99extidentifier)";
				TARGET_NAME = PathKit;
			};
			name = Release;
		};
/* End XCBuildConfiguration section */

/* Begin XCConfigurationList section */
		OBJ_100 /* Build configuration list for PBXNativeTarget "Octopus" */ = {
			isa = XCConfigurationList;
			buildConfigurations = (
				OBJ_101 /* Debug */,
				OBJ_102 /* Release */,
			);
			defaultConfigurationIsVisible = 0;
			defaultConfigurationName = Debug;
		};
		OBJ_117 /* Build configuration list for PBXNativeTarget "OctopusKit" */ = {
			isa = XCConfigurationList;
			buildConfigurations = (
				OBJ_118 /* Debug */,
				OBJ_119 /* Release */,
			);
			defaultConfigurationIsVisible = 0;
			defaultConfigurationName = Debug;
		};
		OBJ_132 /* Build configuration list for PBXNativeTarget "OctopusTests" */ = {
			isa = XCConfigurationList;
			buildConfigurations = (
				OBJ_133 /* Debug */,
				OBJ_134 /* Release */,
			);
			defaultConfigurationIsVisible = 0;
			defaultConfigurationName = Debug;
		};
		OBJ_2 /* Build configuration list for PBXProject "Octopus" */ = {
			isa = XCConfigurationList;
			buildConfigurations = (
				OBJ_3 /* Debug */,
				OBJ_4 /* Release */,
			);
			defaultConfigurationIsVisible = 0;
			defaultConfigurationName = Debug;
		};
		OBJ_51 /* Build configuration list for PBXNativeTarget "CommandLineKit" */ = {
			isa = XCConfigurationList;
			buildConfigurations = (
				OBJ_52 /* Debug */,
				OBJ_53 /* Release */,
			);
			defaultConfigurationIsVisible = 0;
			defaultConfigurationName = Debug;
		};
		OBJ_60 /* Build configuration list for PBXNativeTarget "Rainbow" */ = {
			isa = XCConfigurationList;
			buildConfigurations = (
				OBJ_61 /* Debug */,
				OBJ_62 /* Release */,
			);
			defaultConfigurationIsVisible = 0;
			defaultConfigurationName = Debug;
		};
		OBJ_77 /* Build configuration list for PBXNativeTarget "Spectre" */ = {
			isa = XCConfigurationList;
			buildConfigurations = (
				OBJ_78 /* Debug */,
				OBJ_79 /* Release */,
			);
			defaultConfigurationIsVisible = 0;
			defaultConfigurationName = Debug;
		};
		OBJ_91 /* Build configuration list for PBXNativeTarget "PathKit" */ = {
			isa = XCConfigurationList;
			buildConfigurations = (
				OBJ_92 /* Debug */,
				OBJ_93 /* Release */,
			);
			defaultConfigurationIsVisible = 0;
			defaultConfigurationName = Debug;
		};
/* End XCConfigurationList section */
	};
	rootObject = OBJ_1 /* Project object */;
}
